
Microsoft Visual Studio Solution File, Format Version 12.00
# Visual Studio Version 16
VisualStudioVersion = 16.0.30011.22
MinimumVisualStudioVersion = 10.0.40219.1
Project("{FAE04EC0-301F-11D3-BF4B-00C04F79EFBC}") = "WebApplication01ez", "WebApplication01ez\WebApplication01ez.csproj", "{89A2C712-B99C-4EBE-93FE-7346BE9A9B93}"
EndProject
Global
	GlobalSection(SolutionConfigurationPlatforms) = preSolution
		Debug|Any CPU = Debug|Any CPU
		Release|Any CPU = Release|Any CPU
	EndGlobalSection
	GlobalSection(ProjectConfigurationPlatforms) = postSolution
		{89A2C712-B99C-4EBE-93FE-7346BE9A9B93}.Debug|Any CPU.ActiveCfg = Debug|Any CPU
		{89A2C712-B99C-4EBE-93FE-7346BE9A9B93}.Debug|Any CPU.Build.0 = Debug|Any CPU
		{89A2C712-B99C-4EBE-93FE-7346BE9A9B93}.Release|Any CPU.ActiveCfg = Release|Any CPU
		{89A2C712-B99C-4EBE-93FE-7346BE9A9B93}.Release|Any CPU.Build.0 = Release|Any CPU
	EndGlobalSection
	GlobalSection(SolutionProperties) = preSolution
		HideSolutionNode = FALSE
	EndGlobalSection
	GlobalSection(ExtensibilityGlobals) = postSolution
		SolutionGuid = {CDCCDBFE-8C41-49D7-B775-C759A432D951}
	EndGlobalSection
EndGlobal
